
Microsoft Visual Studio Solution File, Format Version 12.00
# Visual Studio Version 17
VisualStudioVersion = 17.0.31903.59
MinimumVisualStudioVersion = 10.0.40219.1
Project("{9A19103F-16F7-4668-BE54-9A1E7A4F7556}") = "Wagtail.Win32", "Wagtail.Win32\Wagtail.Win32.csproj", "{8F9C5E46-FED5-49C4-BD2A-CA1F970C533A}"
EndProject
Project("{2150E333-8FDC-42A3-9474-1A3956D46DE8}") = "tests", "tests", "{B2C4E330-51FE-4883-9C07-2AFE22EC59F2}"
EndProject
Project("{FAE04EC0-301F-11D3-BF4B-00C04F79EFBC}") = "Wagtail.Win32.Test", "tests\Wagtail.Win32.Test\Wagtail.Win32.Test.csproj", "{BD40831C-E8A8-4CA0-9626-BD23137183D4}"
EndProject
Project("{2150E333-8FDC-42A3-9474-1A3956D46DE8}") = "examples", "examples", "{238B2FDB-E578-41EA-9DB5-564765C0DB69}"
EndProject
Project("{FAE04EC0-301F-11D3-BF4B-00C04F79EFBC}") = "Wagtail.Shutdown", "examples\Wagtail.Shutdown\Wagtail.Shutdown.csproj", "{F0D5B85F-69D6-441D-AFEB-7C554298C576}"
EndProject
Global
	GlobalSection(SolutionConfigurationPlatforms) = preSolution
		Debug|Any CPU = Debug|Any CPU
		Release|Any CPU = Release|Any CPU
	EndGlobalSection
	GlobalSection(ProjectConfigurationPlatforms) = postSolution
		{8F9C5E46-FED5-49C4-BD2A-CA1F970C533A}.Debug|Any CPU.ActiveCfg = Debug|Any CPU
		{8F9C5E46-FED5-49C4-BD2A-CA1F970C533A}.Debug|Any CPU.Build.0 = Debug|Any CPU
		{8F9C5E46-FED5-49C4-BD2A-CA1F970C533A}.Release|Any CPU.ActiveCfg = Release|Any CPU
		{8F9C5E46-FED5-49C4-BD2A-CA1F970C533A}.Release|Any CPU.Build.0 = Release|Any CPU
		{BD40831C-E8A8-4CA0-9626-BD23137183D4}.Debug|Any CPU.ActiveCfg = Debug|Any CPU
		{BD40831C-E8A8-4CA0-9626-BD23137183D4}.Debug|Any CPU.Build.0 = Debug|Any CPU
		{BD40831C-E8A8-4CA0-9626-BD23137183D4}.Release|Any CPU.ActiveCfg = Release|Any CPU
		{BD40831C-E8A8-4CA0-9626-BD23137183D4}.Release|Any CPU.Build.0 = Release|Any CPU
		{F0D5B85F-69D6-441D-AFEB-7C554298C576}.Debug|Any CPU.ActiveCfg = Debug|Any CPU
		{F0D5B85F-69D6-441D-AFEB-7C554298C576}.Debug|Any CPU.Build.0 = Debug|Any CPU
		{F0D5B85F-69D6-441D-AFEB-7C554298C576}.Release|Any CPU.ActiveCfg = Release|Any CPU
		{F0D5B85F-69D6-441D-AFEB-7C554298C576}.Release|Any CPU.Build.0 = Release|Any CPU
	EndGlobalSection
	GlobalSection(SolutionProperties) = preSolution
		HideSolutionNode = FALSE
	EndGlobalSection
	GlobalSection(NestedProjects) = preSolution
		{BD40831C-E8A8-4CA0-9626-BD23137183D4} = {B2C4E330-51FE-4883-9C07-2AFE22EC59F2}
		{F0D5B85F-69D6-441D-AFEB-7C554298C576} = {238B2FDB-E578-41EA-9DB5-564765C0DB69}
	EndGlobalSection
	GlobalSection(ExtensibilityGlobals) = postSolution
		SolutionGuid = {18BD6C3E-3030-480E-8631-93E5EB47A0B8}
	EndGlobalSection
EndGlobal
