
Microsoft Visual Studio Solution File, Format Version 12.00
# Visual Studio Version 17
VisualStudioVersion = 17.0.31903.59
MinimumVisualStudioVersion = 10.0.40219.1
Project("{FAE04EC0-301F-11D3-BF4B-00C04F79EFBC}") = "Wagtail.ProcessWrapperForm", "Wagtail.ProcessWrapperForm\Wagtail.ProcessWrapperForm.csproj", "{21926E9B-ED74-47B2-84DD-CC66CD01507A}"
EndProject
Project("{FAE04EC0-301F-11D3-BF4B-00C04F79EFBC}") = "Wagtail.Injection", "Wagtail.Injection\Wagtail.Injection.csproj", "{6D4ED62F-519E-40BE-B404-CB24C48206C1}"
EndProject
Project("{9A19103F-16F7-4668-BE54-9A1E7A4F7556}") = "Wagtail.Win32", "..\..\Wagtail.Win32\Wagtail.Win32.csproj", "{5CDB995F-B71D-453B-B3D4-A4753A368680}"
EndProject
Global
	GlobalSection(SolutionConfigurationPlatforms) = preSolution
		Debug|Any CPU = Debug|Any CPU
		Release|Any CPU = Release|Any CPU
	EndGlobalSection
	GlobalSection(ProjectConfigurationPlatforms) = postSolution
		{21926E9B-ED74-47B2-84DD-CC66CD01507A}.Debug|Any CPU.ActiveCfg = Debug|Any CPU
		{21926E9B-ED74-47B2-84DD-CC66CD01507A}.Debug|Any CPU.Build.0 = Debug|Any CPU
		{21926E9B-ED74-47B2-84DD-CC66CD01507A}.Release|Any CPU.ActiveCfg = Release|Any CPU
		{21926E9B-ED74-47B2-84DD-CC66CD01507A}.Release|Any CPU.Build.0 = Release|Any CPU
		{6D4ED62F-519E-40BE-B404-CB24C48206C1}.Debug|Any CPU.ActiveCfg = Debug|Any CPU
		{6D4ED62F-519E-40BE-B404-CB24C48206C1}.Debug|Any CPU.Build.0 = Debug|Any CPU
		{6D4ED62F-519E-40BE-B404-CB24C48206C1}.Release|Any CPU.ActiveCfg = Release|Any CPU
		{6D4ED62F-519E-40BE-B404-CB24C48206C1}.Release|Any CPU.Build.0 = Release|Any CPU
		{5CDB995F-B71D-453B-B3D4-A4753A368680}.Debug|Any CPU.ActiveCfg = Debug|Any CPU
		{5CDB995F-B71D-453B-B3D4-A4753A368680}.Debug|Any CPU.Build.0 = Debug|Any CPU
		{5CDB995F-B71D-453B-B3D4-A4753A368680}.Release|Any CPU.ActiveCfg = Release|Any CPU
		{5CDB995F-B71D-453B-B3D4-A4753A368680}.Release|Any CPU.Build.0 = Release|Any CPU
	EndGlobalSection
	GlobalSection(SolutionProperties) = preSolution
		HideSolutionNode = FALSE
	EndGlobalSection
	GlobalSection(ExtensibilityGlobals) = postSolution
		SolutionGuid = {896FECF4-D5EA-49CC-94AB-7D59C456F4C1}
	EndGlobalSection
EndGlobal
